# THIS IS AN AUTOGENERATED FILE. DO NOT EDIT THIS FILE DIRECTLY.
# yarn lockfile v1


"0http@^3.5.3":
  version "3.5.3"
  resolved "https://registry.yarnpkg.com/0http/-/0http-3.5.3.tgz#829824cd1135a55a712cfeb99829d1d1b7261037"
  integrity sha512-iqiI8f1f6gXWkb9HBr2OQUjK/UdLcH/TLSHm8EvPG2SWVpZq2EbErfubJTlQoYojwcHQGp8IcsRQupC/hdR7uw==
  dependencies:
    lru-cache "^10.2.0"
    regexparam "^3.0.0"
    trouter "^3.2.1"

"@aws-sdk/types@^3.4.1":
  version "3.920.0"
  resolved "https://registry.yarnpkg.com/@aws-sdk/types/-/types-3.920.0.tgz#28f02b8748825206375118137b73df6f6a8558ce"
  integrity sha512-W8FI6HteaMwACb49IQzNABjbaGM/fP0t4lLBHeL6KXBmXung2S9FMIBHGxoZvBCRt5omFF31yDCbFaDN/1BPYQ==
  dependencies:
    "@smithy/types" "^4.8.0"
    tslib "^2.6.2"

"@aws/lambda-invoke-store@^0.0.1":
  version "0.0.1"
  resolved "https://registry.yarnpkg.com/@aws/lambda-invoke-store/-/lambda-invoke-store-0.0.1.tgz#92d792a7dda250dfcb902e13228f37a81be57c8f"
  integrity sha512-ORHRQ2tmvnBXc8t/X9Z8IcSbBA4xTLKuN873FopzklHMeqBst7YG0d+AX97inkvDX+NChYtSr+qGfcqGFaI8Zw==

"@smithy/service-error-classification@^2.0.4":
  version "2.1.5"
  resolved "https://registry.yarnpkg.com/@smithy/service-error-classification/-/service-error-classification-2.1.5.tgz#0568a977cc0db36299d8703a5d8609c1f600c005"
  integrity sha512-uBDTIBBEdAQryvHdc5W8sS5YX7RQzF683XrHePVdFmAgKiMofU15FLSM0/HU03hKTnazdNRFa0YHS7+ArwoUSQ==
  dependencies:
    "@smithy/types" "^2.12.0"

"@smithy/types@^2.12.0":
  version "2.12.0"
  resolved "https://registry.yarnpkg.com/@smithy/types/-/types-2.12.0.tgz#c44845f8ba07e5e8c88eda5aed7e6a0c462da041"
  integrity sha512-QwYgloJ0sVNBeBuBs65cIkTbfzV/Q6ZNPCJ99EICFEdJYG50nGIY/uYXp+TbsdJReIuPr0a0kXmCvren3MbRRw==
  dependencies:
    tslib "^2.6.2"

"@smithy/types@^4.8.0":
  version "4.8.0"
  resolved "https://registry.yarnpkg.com/@smithy/types/-/types-4.8.0.tgz#e6f65e712478910b74747081e6046e68159f767d"
  integrity sha512-QpELEHLO8SsQVtqP+MkEgCYTFW0pleGozfs3cZ183ZBj9z3VC1CX1/wtFMK64p+5bhtZo41SeLK1rBRtd25nHQ==
  dependencies:
    tslib "^2.6.2"

"@types/aws-lambda@^8.10.56":
  version "8.10.157"
  resolved "https://registry.yarnpkg.com/@types/aws-lambda/-/aws-lambda-8.10.157.tgz#0ef9fbe5790f5593f938b7ef5170b0a0ff7b2738"
  integrity sha512-ofjcRCO1N7tMZDSO11u5bFHPDfUFD3Q9YK9g4S4w8UDKuG3CNlw2lNK1sd3Itdo7JORygZmG4h9ZykS8dlXvMA==

"@types/body-parser@*":
  version "1.19.6"
  resolved "https://registry.yarnpkg.com/@types/body-parser/-/body-parser-1.19.6.tgz#1859bebb8fd7dac9918a45d54c1971ab8b5af474"
  integrity sha512-HLFeCYgz89uk22N5Qg3dvGvsv46B8GLvKKo1zKG4NybA8U2DiEO3w9lqGg29t/tfLRJpJ6iQxnVw4OnB7MoM9g==
  dependencies:
    "@types/connect" "*"
    "@types/node" "*"

"@types/cls-hooked@^4.3.3":
  version "4.3.9"
  resolved "https://registry.yarnpkg.com/@types/cls-hooked/-/cls-hooked-4.3.9.tgz#2cff2f7ca961d53213ef626f96afa986a66d3fad"
  integrity sha512-CMtHMz6Q/dkfcHarq9nioXH8BDPP+v5xvd+N90lBQ2bdmu06UvnLDqxTKoOJzz4SzIwb/x9i4UXGAAcnUDuIvg==
  dependencies:
    "@types/node" "*"

"@types/connect@*":
  version "3.4.38"
  resolved "https://registry.yarnpkg.com/@types/connect/-/connect-3.4.38.tgz#5ba7f3bc4fbbdeaff8dded952e5ff2cc53f8d858"
  integrity sha512-K6uROf1LD88uDQqJCktA4yzL1YYAK6NgfsI0v/mTgyPKWsX1CnJ0XPSDhViejru1GcRkLWb8RlzFYJRqGUbaug==
  dependencies:
    "@types/node" "*"

"@types/express-serve-static-core@^5.0.0":
  version "5.1.0"
  resolved "https://registry.yarnpkg.com/@types/express-serve-static-core/-/express-serve-static-core-5.1.0.tgz#74f47555b3d804b54cb7030e6f9aa0c7485cfc5b"
  integrity sha512-jnHMsrd0Mwa9Cf4IdOzbz543y4XJepXrbia2T4b6+spXC2We3t1y6K44D3mR8XMFSXMCf3/l7rCgddfx7UNVBA==
  dependencies:
    "@types/node" "*"
    "@types/qs" "*"
    "@types/range-parser" "*"
    "@types/send" "*"

"@types/express@*":
  version "5.0.5"
  resolved "https://registry.yarnpkg.com/@types/express/-/express-5.0.5.tgz#3ba069177caa34ab96585ca23b3984d752300cdc"
  integrity sha512-LuIQOcb6UmnF7C1PCFmEU1u2hmiHL43fgFQX67sN3H4Z+0Yk0Neo++mFsBjhOAuLzvlQeqAAkeDOZrJs9rzumQ==
  dependencies:
    "@types/body-parser" "*"
    "@types/express-serve-static-core" "^5.0.0"
    "@types/serve-static" "^1"

"@types/http-errors@*":
  version "2.0.5"
  resolved "https://registry.yarnpkg.com/@types/http-errors/-/http-errors-2.0.5.tgz#5b749ab2b16ba113423feb1a64a95dcd30398472"
  integrity sha512-r8Tayk8HJnX0FztbZN7oVqGccWgw98T/0neJphO91KkmOzug1KkofZURD4UaD5uH8AqcFLfdPErnBod0u71/qg==

"@types/mime@^1":
  version "1.3.5"
  resolved "https://registry.yarnpkg.com/@types/mime/-/mime-1.3.5.tgz#1ef302e01cf7d2b5a0fa526790c9123bf1d06690"
  integrity sha512-/pyBZWSLD2n0dcHE3hq8s8ZvcETHtEuF+3E7XVt0Ig2nvsVQXdghHVcEkIWjy9A0wKfTn97a/PSDYohKIlnP/w==

"@types/mysql@*":
  version "2.15.27"
  resolved "https://registry.yarnpkg.com/@types/mysql/-/mysql-2.15.27.tgz#fb13b0e8614d39d42f40f381217ec3215915f1e9"
  integrity sha512-YfWiV16IY0OeBfBCk8+hXKmdTKrKlwKN1MNKAPBu5JYxLwBEZl7QzeEpGnlZb3VMGJrrGmB84gXiH+ofs/TezA==
  dependencies:
    "@types/node" "*"

"@types/node@*":
  version "24.9.2"
  resolved "https://registry.yarnpkg.com/@types/node/-/node-24.9.2.tgz#90ded2422dbfcafcf72080f28975adc21366148d"
  integrity sha512-uWN8YqxXxqFMX2RqGOrumsKeti4LlmIMIyV0lgut4jx7KQBcBiW6vkDtIBvHnHIquwNfJhk8v2OtmO8zXWHfPA==
  dependencies:
    undici-types "~7.16.0"

"@types/pg@*":
  version "8.15.6"
  resolved "https://registry.yarnpkg.com/@types/pg/-/pg-8.15.6.tgz#4df7590b9ac557cbe5479e0074ec1540cbddad9b"
  integrity sha512-NoaMtzhxOrubeL/7UZuNTrejB4MPAJ0RpxZqXQf2qXuVlTPuG6Y8p4u9dKRaue4yjmC7ZhzVO2/Yyyn25znrPQ==
  dependencies:
    "@types/node" "*"
    pg-protocol "*"
    pg-types "^2.2.0"

"@types/qs@*":
  version "6.14.0"
  resolved "https://registry.yarnpkg.com/@types/qs/-/qs-6.14.0.tgz#d8b60cecf62f2db0fb68e5e006077b9178b85de5"
  integrity sha512-eOunJqu0K1923aExK6y8p6fsihYEn/BYuQ4g0CxAAgFc4b/ZLN4CrsRZ55srTdqoiLzU2B2evC+apEIxprEzkQ==

"@types/range-parser@*":
  version "1.2.7"
  resolved "https://registry.yarnpkg.com/@types/range-parser/-/range-parser-1.2.7.tgz#50ae4353eaaddc04044279812f52c8c65857dbcb"
  integrity sha512-hKormJbkJqzQGhziax5PItDUTMAM9uE2XXQmM37dyd4hVM+5aVl7oVxMVUiVQn2oCQFN/LKCZdvSM0pFRqbSmQ==

"@types/send@*":
  version "1.2.1"
  resolved "https://registry.yarnpkg.com/@types/send/-/send-1.2.1.tgz#6a784e45543c18c774c049bff6d3dbaf045c9c74"
  integrity sha512-arsCikDvlU99zl1g69TcAB3mzZPpxgw0UQnaHeC1Nwb015xp8bknZv5rIfri9xTOcMuaVgvabfIRA7PSZVuZIQ==
  dependencies:
    "@types/node" "*"

"@types/send@<1":
  version "0.17.6"
  resolved "https://registry.yarnpkg.com/@types/send/-/send-0.17.6.tgz#aeb5385be62ff58a52cd5459daa509ae91651d25"
  integrity sha512-Uqt8rPBE8SY0RK8JB1EzVOIZ32uqy8HwdxCnoCOsYrvnswqmFZ/k+9Ikidlk/ImhsdvBsloHbAlewb2IEBV/Og==
  dependencies:
    "@types/mime" "^1"
    "@types/node" "*"

"@types/serve-static@^1":
  version "1.15.10"
  resolved "https://registry.yarnpkg.com/@types/serve-static/-/serve-static-1.15.10.tgz#768169145a778f8f5dfcb6360aead414a3994fee"
  integrity sha512-tRs1dB+g8Itk72rlSI2ZrW6vZg0YrLI81iQSTkMmOqnqCaNr/8Ek4VwWcN5vZgCYWbg/JJSGBlUaYGAOP73qBw==
  dependencies:
    "@types/http-errors" "*"
    "@types/node" "*"
    "@types/send" "<1"

async-hook-jl@^1.7.6:
  version "1.7.6"
  resolved "https://registry.yarnpkg.com/async-hook-jl/-/async-hook-jl-1.7.6.tgz#4fd25c2f864dbaf279c610d73bf97b1b28595e68"
  integrity sha512-gFaHkFfSxTjvoxDMYqDuGHlcRyUuamF8s+ZTtJdDzqjws4mCt7v0vuV79/E2Wr2/riMQgtG4/yUtXWs1gZ7JMg==
  dependencies:
    stack-chain "^1.3.7"

atomic-batcher@^1.0.2:
  version "1.0.2"
  resolved "https://registry.yarnpkg.com/atomic-batcher/-/atomic-batcher-1.0.2.tgz#d16901d10ccec59516c197b9ccd8930689b813b4"
  integrity sha512-EFGCRj4kLX1dHv1cDzTk+xbjBFj1GnJDpui52YmEcxxHHEWjYyT6l51U7n6WQ28osZH4S9gSybxe56Vm7vB61Q==

aws-xray-sdk-core@3.11.0:
  version "3.11.0"
  resolved "https://registry.yarnpkg.com/aws-xray-sdk-core/-/aws-xray-sdk-core-3.11.0.tgz#3ef45e1793f35e5b7d9bc3bcfd10bc59c0d392af"
  integrity sha512-b7RRs3/twrsCxb113ZgycyaYcXJUQADFMKTiAfzRJu/2hBD2UZkyrjrh8BNTwQ5PUJJmHLoapv1uhpJFk3qKvQ==
  dependencies:
    "@aws-sdk/types" "^3.4.1"
    "@aws/lambda-invoke-store" "^0.0.1"
    "@smithy/service-error-classification" "^2.0.4"
    "@types/cls-hooked" "^4.3.3"
    atomic-batcher "^1.0.2"
    cls-hooked "^4.2.2"
    semver "^7.5.3"

aws-xray-sdk-express@3.11.0:
  version "3.11.0"
  resolved "https://registry.yarnpkg.com/aws-xray-sdk-express/-/aws-xray-sdk-express-3.11.0.tgz#91e30ea757f743c0781d2ec6fbc20fc64b6acb73"
  integrity sha512-Mipkri8Vs4zstj1Ne9Ok+pMt8dM42RrRyjFuGszVtKVaSwyuNegjUfPagUmH+2/jvDOiI4i+lS/aplUPaS881A==
  dependencies:
    "@types/express" "*"

aws-xray-sdk-mysql@3.11.0:
  version "3.11.0"
  resolved "https://registry.yarnpkg.com/aws-xray-sdk-mysql/-/aws-xray-sdk-mysql-3.11.0.tgz#7744fa6b59ae0264c260c4f6429d8f3691127a01"
  integrity sha512-sg5AeDznSDJkflP+mgpCWZ05XLPpb361FNIWvKHL8KFkbuh9WANxuczcoRx9GGn76Hzvbxu7q6yMT9SK3UGrrg==
  dependencies:
    "@types/mysql" "*"

aws-xray-sdk-postgres@3.11.0:
  version "3.11.0"
  resolved "https://registry.yarnpkg.com/aws-xray-sdk-postgres/-/aws-xray-sdk-postgres-3.11.0.tgz#abe14cb617cc9c79a03be34862f2f69bdc0d4c34"
  integrity sha512-Jzq/NOUJ/AdK7GHZkIJ6NyVBeu2JeL/CvUugO1oQzPd9t0QHpl3n7p9KnqC4omm797go+zTgEQJkQ8oIfeRlWQ==
  dependencies:
    "@types/pg" "*"

aws-xray-sdk@^3.10.1:
  version "3.11.0"
  resolved "https://registry.yarnpkg.com/aws-xray-sdk/-/aws-xray-sdk-3.11.0.tgz#a1f068e829056437a7561e532ea6f768390f23ce"
  integrity sha512-N7uwmVs+Bu2OLjqG9v8Z9Y0Pc7a7S4ZJlJ47mYORjtwiuN9/X/tbfZl1iLMJduyriu+l3woc9250ZyT5w4YZCg==
  dependencies:
    aws-xray-sdk-core "3.11.0"
    aws-xray-sdk-express "3.11.0"
    aws-xray-sdk-mysql "3.11.0"
    aws-xray-sdk-postgres "3.11.0"

cls-hooked@^4.2.2:
  version "4.2.2"
  resolved "https://registry.yarnpkg.com/cls-hooked/-/cls-hooked-4.2.2.tgz#ad2e9a4092680cdaffeb2d3551da0e225eae1908"
  integrity sha512-J4Xj5f5wq/4jAvcdgoGsL3G103BtWpZrMo8NEinRltN+xpTZdI+M38pyQqhuFU/P792xkMFvnKSf+Lm81U1bxw==
  dependencies:
    async-hook-jl "^1.7.6"
    emitter-listener "^1.0.1"
    semver "^5.4.1"

debug@2.6.9:
  version "2.6.9"
  resolved "https://registry.yarnpkg.com/debug/-/debug-2.6.9.tgz#5d128515df134ff327e90a4c93f4e077a536341f"
  integrity sha512-bC7ElrdJaJnPbAP+1EotYvqZsb3ecl5wi6Bfi6BJTUcNowp6cvspg0jXznRTKDjm/E7AdgFBVeAPVMNcKGsHMA==
  dependencies:
    ms "2.0.0"

depd@2.0.0:
  version "2.0.0"
  resolved "https://registry.yarnpkg.com/depd/-/depd-2.0.0.tgz#b696163cc757560d09cf22cc8fad1571b79e76df"
  integrity sha512-g7nH6P6dyDioJogAAGprGpCtVImJhpPk/roCzdb3fIh61/s/nPsfR6onyMwkCAR/OlC3yBC0lESvUoQEAssIrw==

destroy@1.2.0:
  version "1.2.0"
  resolved "https://registry.yarnpkg.com/destroy/-/destroy-1.2.0.tgz#4803735509ad8be552934c67df614f94e66fa015"
  integrity sha512-2sJGJTaXIIaR1w4iJSNoN0hnMY7Gpc/n8D4qSCJw8QqFWXf7cuAgnEHxBpweaVcPevC2l3KpjYCx3NypQQgaJg==

ee-first@1.1.1:
  version "1.1.1"
  resolved "https://registry.yarnpkg.com/ee-first/-/ee-first-1.1.1.tgz#590c61156b0ae2f4f0255732a158b266bc56b21d"
  integrity sha512-WMwm9LhRUo+WUaRN+vRuETqG89IgZphVSNkdFgeb6sS/E4OrDIN7t48CAewSHXc6C8lefD8KKfr5vY61brQlow==

emitter-listener@^1.0.1:
  version "1.1.2"
  resolved "https://registry.yarnpkg.com/emitter-listener/-/emitter-listener-1.1.2.tgz#56b140e8f6992375b3d7cb2cab1cc7432d9632e8"
  integrity sha512-Bt1sBAGFHY9DKY+4/2cV6izcKJUf5T7/gkdmkxzX/qv9CcGH8xSwVRW5mtX03SWJtRTWSOpzCuWN9rBFYZepZQ==
  dependencies:
    shimmer "^1.2.0"

encodeurl@~1.0.2:
  version "1.0.2"
  resolved "https://registry.yarnpkg.com/encodeurl/-/encodeurl-1.0.2.tgz#ad3ff4c86ec2d029322f5a02c3a9a606c95b3f59"
  integrity sha512-TPJXq8JqFaVYm2CWmPvnP2Iyo4ZSM7/QKcSmuMLDObfpH5fi7RUGmd/rTDf+rut/saiDiQEeVTNgAmJEdAOx0w==

encodeurl@~2.0.0:
  version "2.0.0"
  resolved "https://registry.yarnpkg.com/encodeurl/-/encodeurl-2.0.0.tgz#7b8ea898077d7e409d3ac45474ea38eaf0857a58"
  integrity sha512-Q0n9HRi4m6JuGIV1eFlmvJB7ZEVxu93IrMyiMsGC0lrMJMWzRgx6WGquyfQgZVb31vhGgXnfmPNNXmxnOkRBrg==

escape-html@~1.0.3:
  version "1.0.3"
  resolved "https://registry.yarnpkg.com/escape-html/-/escape-html-1.0.3.tgz#0258eae4d3d0c0974de1c169188ef0051d1d1988"
  integrity sha512-NiSupZ4OeuGwr68lGIeym/ksIZMJodUGOSCZ/FSnTxcrekbvqrgdUxlJOMpijaKZVjAJrWrGs/6Jy8OMuyj9ow==

etag@~1.8.1:
  version "1.8.1"
  resolved "https://registry.yarnpkg.com/etag/-/etag-1.8.1.tgz#41ae2eeb65efa62268aebfea83ac7d79299b0887"
  integrity sha512-aIL5Fx7mawVa300al2BnEE4iNvo1qETxLrPI/o05L7z6go7fCw1J6EQmbK4FmJ2AS7kgVF/KEZWufBfdClMcPg==

fresh@0.5.2:
  version "0.5.2"
  resolved "https://registry.yarnpkg.com/fresh/-/fresh-0.5.2.tgz#3d8cadd90d976569fa835ab1f8e4b23a105605a7"
  integrity sha512-zJ2mQYM18rEFOudeV4GShTGIQ7RbzA7ozbU9I/XBpm7kqgMywgmylMwXHxZJmkVoYkna9d2pVXVXPdYTP9ej8Q==

http-errors@2.0.0:
  version "2.0.0"
  resolved "https://registry.yarnpkg.com/http-errors/-/http-errors-2.0.0.tgz#b7774a1486ef73cf7667ac9ae0858c012c57b9d3"
  integrity sha512-FtwrG/euBzaEjYeRqOgly7G0qviiXoJWnvEH2Z1plBdXgbyjv34pHTSb9zoeHMyDy33+DWy5Wt9Wo+TURtOYSQ==
  dependencies:
    depd "2.0.0"
    inherits "2.0.4"
    setprototypeof "1.2.0"
    statuses "2.0.1"
    toidentifier "1.0.1"

inherits@2.0.4:
  version "2.0.4"
  resolved "https://registry.yarnpkg.com/inherits/-/inherits-2.0.4.tgz#0fa2c64f932917c3433a0ded55363aae37416b7c"
  integrity sha512-k/vGaX4/Yla3WzyMCvTQOXYeIHvqOKtnqBduzTHpzpQZzAskKMhZ2K+EnBiSM9zGSoIFeMpXKxa4dYeZIQqewQ==

lru-cache@^10.2.0:
  version "10.4.3"
  resolved "https://registry.yarnpkg.com/lru-cache/-/lru-cache-10.4.3.tgz#410fc8a17b70e598013df257c2446b7f3383f119"
  integrity sha512-JNAzZcXrCt42VGLuYz0zfAzDfAvJWW6AfYlDBQyDV5DClI2m5sAmK+OIO7s59XfsRsWHp02jAJrRadPRGTt6SQ==

mime@1.6.0:
  version "1.6.0"
  resolved "https://registry.yarnpkg.com/mime/-/mime-1.6.0.tgz#32cd9e5c64553bd58d19a568af452acff04981b1"
  integrity sha512-x0Vn8spI+wuJ1O6S7gnbaQg8Pxh4NNHb7KSINmEWKiPE4RKOplvijn+NkmYmmRgP68mc70j2EbeTFRsrswaQeg==

ms@2.0.0:
  version "2.0.0"
  resolved "https://registry.yarnpkg.com/ms/-/ms-2.0.0.tgz#5608aeadfc00be6c2901df5f9861788de0d597c8"
  integrity sha512-Tpp60P6IUJDTuOq/5Z8cdskzJujfwqfOTkrwIwj7IRISpnkJnT6SyJ4PCPnGMoFjC9ddhal5KVIYtAt97ix05A==

ms@2.1.3:
  version "2.1.3"
  resolved "https://registry.yarnpkg.com/ms/-/ms-2.1.3.tgz#574c8138ce1d2b5861f0b44579dbadd60c6615b2"
  integrity sha512-6FlzubTLZG3J2a/NVCAleEhjzq5oxgHyaCU9yYXvcLsvoVaHJq/s5xXI6/XXP6tz7R9xAOtHnSO/tXtF3WRTlA==

on-finished@2.4.1:
  version "2.4.1"
  resolved "https://registry.yarnpkg.com/on-finished/-/on-finished-2.4.1.tgz#58c8c44116e54845ad57f14ab10b03533184ac3f"
  integrity sha512-oVlzkg3ENAhCk2zdv7IJwd/QUD4z2RxRwpkcGY8psCVcCYZNq4wYnVWALHM+brtuJjePWiYF/ClmuDr8Ch5+kg==
  dependencies:
    ee-first "1.1.1"

parseurl@~1.3.3:
  version "1.3.3"
  resolved "https://registry.yarnpkg.com/parseurl/-/parseurl-1.3.3.tgz#9da19e7bee8d12dff0513ed5b76957793bc2e8d4"
  integrity sha512-CiyeOxFT/JZyN5m0z9PfXw4SCBJ6Sygz1Dpl0wqjlhDEGGBP1GnsUVEL0p63hoG1fcj3fHynXi9NYO4nWOL+qQ==

pg-int8@1.0.1:
  version "1.0.1"
  resolved "https://registry.yarnpkg.com/pg-int8/-/pg-int8-1.0.1.tgz#943bd463bf5b71b4170115f80f8efc9a0c0eb78c"
  integrity sha512-WCtabS6t3c8SkpDBUlb1kjOs7l66xsGdKpIPZsg4wR+B3+u9UAum2odSsF9tnvxg80h4ZxLWMy4pRjOsFIqQpw==

pg-protocol@*:
  version "1.10.3"
  resolved "https://registry.yarnpkg.com/pg-protocol/-/pg-protocol-1.10.3.tgz#ac9e4778ad3f84d0c5670583bab976ea0a34f69f"
  integrity sha512-6DIBgBQaTKDJyxnXaLiLR8wBpQQcGWuAESkRBX/t6OwA8YsqP+iVSiond2EDy6Y/dsGk8rh/jtax3js5NeV7JQ==

pg-types@^2.2.0:
  version "2.2.0"
  resolved "https://registry.yarnpkg.com/pg-types/-/pg-types-2.2.0.tgz#2d0250d636454f7cfa3b6ae0382fdfa8063254a3"
  integrity sha512-qTAAlrEsl8s4OiEQY69wDvcMIdQN6wdz5ojQiOy6YRMuynxenON0O5oCpJI6lshc6scgAY8qvJ2On/p+CXY0GA==
  dependencies:
    pg-int8 "1.0.1"
    postgres-array "~2.0.0"
    postgres-bytea "~1.0.0"
    postgres-date "~1.0.4"
    postgres-interval "^1.1.0"

postgres-array@~2.0.0:
  version "2.0.0"
  resolved "https://registry.yarnpkg.com/postgres-array/-/postgres-array-2.0.0.tgz#48f8fce054fbc69671999329b8834b772652d82e"
  integrity sha512-VpZrUqU5A69eQyW2c5CA1jtLecCsN2U/bD6VilrFDWq5+5UIEVO7nazS3TEcHf1zuPYO/sqGvUvW62g86RXZuA==

postgres-bytea@~1.0.0:
  version "1.0.0"
  resolved "https://registry.yarnpkg.com/postgres-bytea/-/postgres-bytea-1.0.0.tgz#027b533c0aa890e26d172d47cf9ccecc521acd35"
  integrity sha512-xy3pmLuQqRBZBXDULy7KbaitYqLcmxigw14Q5sj8QBVLqEwXfeybIKVWiqAXTlcvdvb0+xkOtDbfQMOf4lST1w==

postgres-date@~1.0.4:
  version "1.0.7"
  resolved "https://registry.yarnpkg.com/postgres-date/-/postgres-date-1.0.7.tgz#51bc086006005e5061c591cee727f2531bf641a8"
  integrity sha512-suDmjLVQg78nMK2UZ454hAG+OAW+HQPZ6n++TNDUX+L0+uUlLywnoxJKDou51Zm+zTCjrCl0Nq6J9C5hP9vK/Q==

postgres-interval@^1.1.0:
  version "1.2.0"
  resolved "https://registry.yarnpkg.com/postgres-interval/-/postgres-interval-1.2.0.tgz#b460c82cb1587507788819a06aa0fffdb3544695"
  integrity sha512-9ZhXKM/rw350N1ovuWHbGxnGh/SNJ4cnxHiM0rxE4VN41wsg8P8zWn9hv/buK00RP4WvlOyr/RBDiptyxVbkZQ==
  dependencies:
    xtend "^4.0.0"

range-parser@~1.2.1:
  version "1.2.1"
  resolved "https://registry.yarnpkg.com/range-parser/-/range-parser-1.2.1.tgz#3cf37023d199e1c24d1a55b84800c2f3e6468031"
  integrity sha512-Hrgsx+orqoygnmhFbKaHE6c296J+HTAQXoxEF6gNupROmmGJRoyzfG3ccAveqCBrwr/2yxQ5BVd/GTl5agOwSg==

regexparam@^1.3.0:
  version "1.3.0"
  resolved "https://registry.yarnpkg.com/regexparam/-/regexparam-1.3.0.tgz#2fe42c93e32a40eff6235d635e0ffa344b92965f"
  integrity sha512-6IQpFBv6e5vz1QAqI+V4k8P2e/3gRrqfCJ9FI+O1FLQTO+Uz6RXZEZOPmTJ6hlGj7gkERzY5BRCv09whKP96/g==

regexparam@^3.0.0:
  version "3.0.0"
  resolved "https://registry.yarnpkg.com/regexparam/-/regexparam-3.0.0.tgz#1673e09d41cb7fd41eaafd4040a6aa90daa0a21a"
  integrity sha512-RSYAtP31mvYLkAHrOlh25pCNQ5hWnT106VukGaaFfuJrZFkGRX5GhUAdPqpSDXxOhA2c4akmRuplv1mRqnBn6Q==

restana@^4.8.0:
  version "4.9.9"
  resolved "https://registry.yarnpkg.com/restana/-/restana-4.9.9.tgz#a3f10f12a8179c84f4027b1f0486f03726d5d9ca"
  integrity sha512-tJjLoMjnme9gP0b4HGzzr+IAuJVCFt6pzqXVPpV9jbHxujhYxfy1MHEYRe4PTdCtGIjFlVFb1ngtsQg5MzKCQg==
  dependencies:
    "0http" "^3.5.3"

semver@^5.4.1:
  version "5.7.2"
  resolved "https://registry.yarnpkg.com/semver/-/semver-5.7.2.tgz#48d55db737c3287cd4835e17fa13feace1c41ef8"
  integrity sha512-cBznnQ9KjJqU67B52RMC65CMarK2600WFnbkcaiwWq3xy/5haFJlshgnpjovMVJ+Hff49d8GEn0b87C5pDQ10g==

semver@^7.5.3:
  version "7.7.3"
  resolved "https://registry.yarnpkg.com/semver/-/semver-7.7.3.tgz#4b5f4143d007633a8dc671cd0a6ef9147b8bb946"
  integrity sha512-SdsKMrI9TdgjdweUSR9MweHA4EJ8YxHn8DFaDisvhVlUOe4BF1tLD7GAj0lIqWVl+dPb/rExr0Btby5loQm20Q==

send@0.19.0:
  version "0.19.0"
  resolved "https://registry.yarnpkg.com/send/-/send-0.19.0.tgz#bbc5a388c8ea6c048967049dbeac0e4a3f09d7f8"
  integrity sha512-dW41u5VfLXu8SJh5bwRmyYUbAoSB3c9uQh6L8h/KtsFREPWpbX1lrljJo186Jc4nmci/sGUZ9a0a0J2zgfq2hw==
  dependencies:
    debug "2.6.9"
    depd "2.0.0"
    destroy "1.2.0"
    encodeurl "~1.0.2"
    escape-html "~1.0.3"
    etag "~1.8.1"
    fresh "0.5.2"
    http-errors "2.0.0"
    mime "1.6.0"
    ms "2.1.3"
    on-finished "2.4.1"
    range-parser "~1.2.1"
    statuses "2.0.1"

serve-static@^1.14.1:
  version "1.16.2"
  resolved "https://registry.yarnpkg.com/serve-static/-/serve-static-1.16.2.tgz#b6a5343da47f6bdd2673848bf45754941e803296"
  integrity sha512-VqpjJZKadQB/PEbEwvFdO43Ax5dFBZ2UECszz8bQ7pi7wt//PWe1P6MN7eCnjsatYtBT6EuiClbjSWP2WrIoTw==
  dependencies:
    encodeurl "~2.0.0"
    escape-html "~1.0.3"
    parseurl "~1.3.3"
    send "0.19.0"

serverless-http@^2.6.0:
  version "2.7.0"
  resolved "https://registry.yarnpkg.com/serverless-http/-/serverless-http-2.7.0.tgz#352ca38cbbba58dc71dcfb11bb27c92c3c81fe69"
  integrity sha512-iWq0z1X2Xkuvz6wL305uCux/SypbojHlYsB5bzmF5TqoLYsdvMNIoCsgtWjwqWoo3AR2cjw3zAmHN2+U6mF99Q==
  optionalDependencies:
    "@types/aws-lambda" "^8.10.56"

setprototypeof@1.2.0:
  version "1.2.0"
  resolved "https://registry.yarnpkg.com/setprototypeof/-/setprototypeof-1.2.0.tgz#66c9a24a73f9fc28cbe66b09fed3d33dcaf1b424"
  integrity sha512-E5LDX7Wrp85Kil5bhZv46j8jOeboKq5JMmYM3gVGdGH8xFpPWXUMsNrlODCrkoxMEeNi/XZIwuRvY4XNwYMJpw==

shimmer@^1.2.0:
  version "1.2.1"
  resolved "https://registry.yarnpkg.com/shimmer/-/shimmer-1.2.1.tgz#610859f7de327b587efebf501fb43117f9aff337"
  integrity sha512-sQTKC1Re/rM6XyFM6fIAGHRPVGvyXfgzIDvzoq608vM+jeyVD0Tu1E6Np0Kc2zAIFWIj963V2800iF/9LPieQw==

stack-chain@^1.3.7:
  version "1.3.7"
  resolved "https://registry.yarnpkg.com/stack-chain/-/stack-chain-1.3.7.tgz#d192c9ff4ea6a22c94c4dd459171e3f00cea1285"
  integrity sha512-D8cWtWVdIe/jBA7v5p5Hwl5yOSOrmZPWDPe2KxQ5UAGD+nxbxU0lKXA4h85Ta6+qgdKVL3vUxsbIZjc1kBG7ug==

statuses@2.0.1:
  version "2.0.1"
  resolved "https://registry.yarnpkg.com/statuses/-/statuses-2.0.1.tgz#55cb000ccf1d48728bd23c685a063998cf1a1b63"
  integrity sha512-RwNA9Z/7PrK06rYLIzFMlaF+l73iwpzsqRIFgbMLbTcLD6cOao82TaWefPXQvB2fOC4AjuYSEndS7N/mTCbkdQ==

toidentifier@1.0.1:
  version "1.0.1"
  resolved "https://registry.yarnpkg.com/toidentifier/-/toidentifier-1.0.1.tgz#3be34321a88a820ed1bd80dfaa33e479fbb8dd35"
  integrity sha512-o5sSPKEkg/DIQNmH43V0/uerLrpzVedkUh8tGNvaeXpfpuwjKenlSox/2O/BTlZUtEe+JG7s5YhEz608PlAHRA==

trouter@^3.2.1:
  version "3.2.1"
  resolved "https://registry.yarnpkg.com/trouter/-/trouter-3.2.1.tgz#a07e6f39a48fa0950a0157897075b633265b0fd9"
  integrity sha512-oY3CmIiEYOe1YMEzh++I67lrNOUldtCeuLL0vRPydvQLHZpSJ03B5dgDFlpFsiriMq6e//NDjjopjUzXOztHow==
  dependencies:
    regexparam "^1.3.0"

tslib@^2.6.2:
  version "2.8.1"
  resolved "https://registry.yarnpkg.com/tslib/-/tslib-2.8.1.tgz#612efe4ed235d567e8aba5f2a5fab70280ade83f"
  integrity sha512-oJFu94HQb+KVduSUQL7wnpmqnfmLsOA/nAh6b6EH0wCEoK0/mPeXU6c3wKDV83MkOuHPRHtSXKKU99IBazS/2w==

undici-types@~7.16.0:
  version "7.16.0"
  resolved "https://registry.yarnpkg.com/undici-types/-/undici-types-7.16.0.tgz#ffccdff36aea4884cbfce9a750a0580224f58a46"
  integrity sha512-Zz+aZWSj8LE6zoxD+xrjh4VfkIG8Ya6LvYkZqtUQGJPZjYl53ypCaUwWqo7eI0x66KBGeRo+mlBEkMSeSZ38Nw==

xtend@^4.0.0:
  version "4.0.2"
  resolved "https://registry.yarnpkg.com/xtend/-/xtend-4.0.2.tgz#bb72779f5fa465186b1f438f674fa347fdb5db54"
  integrity sha512-LKYU1iAXJXUgAXn9URjiu+MWhyUXHsvfp7mcuYm9dSUKK0/CjtrUwFAxD82/mCWbtLsGjFIad0wIsod4zrTAEQ==
